
Microsoft Visual Studio Solution File, Format Version 12.00
# Visual Studio 15
Project("{FAE04EC0-301F-11D3-BF4B-00C04F79EFBC}") = "Unity.Timeline", "Unity.Timeline.csproj", "{11E2CB18-F7BF-8286-CD67-F5271B5DE2FE}"
EndProject
Project("{FAE04EC0-301F-11D3-BF4B-00C04F79EFBC}") = "Unity.RenderPipelines.GPUDriven.Runtime", "Unity.RenderPipelines.GPUDriven.Runtime.csproj", "{916D1E78-C222-C502-DD05-A9A2CBB84D58}"
EndProject
Project("{FAE04EC0-301F-11D3-BF4B-00C04F79EFBC}") = "Unity.2D.Aseprite.Editor", "Unity.2D.Aseprite.Editor.csproj", "{C10BB17E-E6C0-CAFA-D1C2-3612B881B8DC}"
EndProject
Project("{FAE04EC0-301F-11D3-BF4B-00C04F79EFBC}") = "Unity.Services.Core.Internal", "Unity.Services.Core.Internal.csproj", "{D560C388-961B-D119-5DBD-987330DBE6BB}"
EndProject
Project("{FAE04EC0-301F-11D3-BF4B-00C04F79EFBC}") = "Unity.Services.Authentication.PlayerAccounts", "Unity.Services.Authentication.PlayerAccounts.csproj", "{B139900F-F4B3-D4FF-5700-84BF1CF90CE4}"
EndProject
Project("{FAE04EC0-301F-11D3-BF4B-00C04F79EFBC}") = "Unity.ShaderGraph.Editor", "Unity.ShaderGraph.Editor.csproj", "{2AA915F3-C25B-E490-6017-F98EBFA4189A}"
EndProject
Project("{FAE04EC0-301F-11D3-BF4B-00C04F79EFBC}") = "Unity.PlasticSCM.Editor", "Unity.PlasticSCM.Editor.csproj", "{3F561D9A-DEA1-57D6-E426-C3F072BB24CE}"
EndProject
Project("{FAE04EC0-301F-11D3-BF4B-00C04F79EFBC}") = "Unity.RenderPipelines.Core.Runtime", "Unity.RenderPipelines.Core.Runtime.csproj", "{1C22142E-D172-6021-8E66-F666D620D37D}"
EndProject
Project("{FAE04EC0-301F-11D3-BF4B-00C04F79EFBC}") = "Unity.Mathematics", "Unity.Mathematics.csproj", "{BD7902EB-1B56-D158-3592-765B468FB27E}"
EndProject
Project("{FAE04EC0-301F-11D3-BF4B-00C04F79EFBC}") = "Unity.Timeline.Editor", "Unity.Timeline.Editor.csproj", "{2BE70BE3-A5E4-8F67-6AB0-B8787DE95A92}"
EndProject
Project("{FAE04EC0-301F-11D3-BF4B-00C04F79EFBC}") = "Unity.RenderPipelines.Core.Editor", "Unity.RenderPipelines.Core.Editor.csproj", "{1BD53F4C-97D3-D98B-8786-51B2DA71A7DD}"
EndProject
Project("{FAE04EC0-301F-11D3-BF4B-00C04F79EFBC}") = "Unity.Collections", "Unity.Collections.csproj", "{412BF515-11A0-EC51-67BA-10DB71D06C0F}"
EndProject
Project("{FAE04EC0-301F-11D3-BF4B-00C04F79EFBC}") = "UnityEngine.UI", "UnityEngine.UI.csproj", "{690AD34B-FA17-04F1-39CE-7DFE86010ACB}"
EndProject
Project("{FAE04EC0-301F-11D3-BF4B-00C04F79EFBC}") = "Unity.2D.IK.Runtime", "Unity.2D.IK.Runtime.csproj", "{B2504B83-AD6F-B905-8C49-6A452325893D}"
EndProject
Project("{FAE04EC0-301F-11D3-BF4B-00C04F79EFBC}") = "Unity.RenderPipelines.Universal.2D.Runtime", "Unity.RenderPipelines.Universal.2D.Runtime.csproj", "{CFD80A17-E2A8-F2AC-804F-B0351EFEA041}"
EndProject
Project("{FAE04EC0-301F-11D3-BF4B-00C04F79EFBC}") = "Unity.2D.Psdimporter.Editor", "Unity.2D.Psdimporter.Editor.csproj", "{67A41AFB-5583-E120-E714-227F5993AD85}"
EndProject
Project("{FAE04EC0-301F-11D3-BF4B-00C04F79EFBC}") = "Unity.VisualScripting.Core.Editor", "Unity.VisualScripting.Core.Editor.csproj", "{A9C711E4-0FEA-86EB-0B2B-292635E0BF3F}"
EndProject
Project("{FAE04EC0-301F-11D3-BF4B-00C04F79EFBC}") = "Unity.RenderPipelines.Universal.Editor", "Unity.RenderPipelines.Universal.Editor.csproj", "{DCFB859F-684C-3668-1EB8-39A74ADFAEFB}"
EndProject
Project("{FAE04EC0-301F-11D3-BF4B-00C04F79EFBC}") = "Unity.PerformanceTesting.Editor", "Unity.PerformanceTesting.Editor.csproj", "{18EDC427-2C05-9C49-AC0A-1AAB215B7C3C}"
EndProject
Project("{FAE04EC0-301F-11D3-BF4B-00C04F79EFBC}") = "UnityEngine.TestRunner", "UnityEngine.TestRunner.csproj", "{8C5B0A6E-F96E-8950-A16B-5E2A326A01B5}"
EndProject
Project("{FAE04EC0-301F-11D3-BF4B-00C04F79EFBC}") = "Unity.2D.Tilemap.Editor", "Unity.2D.Tilemap.Editor.csproj", "{74B52A79-510C-D16E-7D88-4C96AC56D286}"
EndProject
Project("{FAE04EC0-301F-11D3-BF4B-00C04F79EFBC}") = "Unity.Burst", "Unity.Burst.csproj", "{399422A9-48F2-EFBE-0310-D45BCFBEDC5C}"
EndProject
Project("{FAE04EC0-301F-11D3-BF4B-00C04F79EFBC}") = "Unity.Services.Core.Environments.Editor", "Unity.Services.Core.Environments.Editor.csproj", "{C139651B-69C8-3EBC-837C-A0F165DAC32D}"
EndProject
Project("{FAE04EC0-301F-11D3-BF4B-00C04F79EFBC}") = "Unity.VisualScripting.Flow.Editor", "Unity.VisualScripting.Flow.Editor.csproj", "{2169C3BA-C929-FCD6-8E50-ED1AF489EFCE}"
EndProject
Project("{FAE04EC0-301F-11D3-BF4B-00C04F79EFBC}") = "Unity.2D.SpriteShape.Editor", "Unity.2D.SpriteShape.Editor.csproj", "{E327F87B-060B-8C6E-09C2-E4E17A8136C1}"
EndProject
Project("{FAE04EC0-301F-11D3-BF4B-00C04F79EFBC}") = "Unity.VisualStudio.Editor", "Unity.VisualStudio.Editor.csproj", "{D03A200B-2CCB-CD08-543B-E15E7F62E5E4}"
EndProject
Project("{FAE04EC0-301F-11D3-BF4B-00C04F79EFBC}") = "Unity.Services.Authentication", "Unity.Services.Authentication.csproj", "{9D9E5FBC-DE99-E952-490D-70882954B681}"
EndProject
Project("{FAE04EC0-301F-11D3-BF4B-00C04F79EFBC}") = "Unity.InputSystem", "Unity.InputSystem.csproj", "{62495CF4-F8DC-EB67-8F5F-2EDC305BD6B4}"
EndProject
Project("{FAE04EC0-301F-11D3-BF4B-00C04F79EFBC}") = "PPv2URPConverters", "PPv2URPConverters.csproj", "{5B0CFDBE-673E-64E7-E7F5-151E4170EF0E}"
EndProject
Project("{FAE04EC0-301F-11D3-BF4B-00C04F79EFBC}") = "Unity.2D.Animation.Editor", "Unity.2D.Animation.Editor.csproj", "{A2185985-F715-BFFD-1463-3CABF9CF011D}"
EndProject
Project("{FAE04EC0-301F-11D3-BF4B-00C04F79EFBC}") = "Unity.Services.Authentication.Editor", "Unity.Services.Authentication.Editor.csproj", "{192EF993-FD34-D6A1-989A-BB610FD81B3E}"
EndProject
Project("{FAE04EC0-301F-11D3-BF4B-00C04F79EFBC}") = "Unity.Searcher.Editor", "Unity.Searcher.Editor.csproj", "{C888E712-EB1F-93F9-AC2B-2E8D87EB14CF}"
EndProject
Project("{FAE04EC0-301F-11D3-BF4B-00C04F79EFBC}") = "Unity.2D.SpriteShape.Runtime", "Unity.2D.SpriteShape.Runtime.csproj", "{85AD634A-67CA-EB38-F3D2-E774F2DC1E5E}"
EndProject
Project("{FAE04EC0-301F-11D3-BF4B-00C04F79EFBC}") = "UnityEditor.TestRunner", "UnityEditor.TestRunner.csproj", "{CF171C6C-BCA9-06CC-F2B2-6D3B4BFBB8F9}"
EndProject
Project("{FAE04EC0-301F-11D3-BF4B-00C04F79EFBC}") = "Unity.VisualScripting.Core", "Unity.VisualScripting.Core.csproj", "{C0C4AE2F-EBB7-178E-DD97-FC390615AEF6}"
EndProject
Project("{FAE04EC0-301F-11D3-BF4B-00C04F79EFBC}") = "Unity.RenderPipelines.Universal.Runtime", "Unity.RenderPipelines.Universal.Runtime.csproj", "{7822FB09-880A-6616-628F-C5C3D1196158}"
EndProject
Project("{FAE04EC0-301F-11D3-BF4B-00C04F79EFBC}") = "Unity.VisualScripting.State.Editor", "Unity.VisualScripting.State.Editor.csproj", "{51F44D4D-8DAF-A4A3-02F7-D120457225D3}"
EndProject
Project("{FAE04EC0-301F-11D3-BF4B-00C04F79EFBC}") = "Unity.Services.Core.Editor", "Unity.Services.Core.Editor.csproj", "{65EA392B-7965-0B61-8214-92CC6296D514}"
EndProject
Project("{FAE04EC0-301F-11D3-BF4B-00C04F79EFBC}") = "Unity.Burst.CodeGen", "Unity.Burst.CodeGen.csproj", "{BE9E8D0C-3036-BDAC-10BB-7B569994C685}"
EndProject
Project("{FAE04EC0-301F-11D3-BF4B-00C04F79EFBC}") = "Unity.Services.Core", "Unity.Services.Core.csproj", "{3B11319C-45D4-839B-D9AC-E03C8ECA5B5C}"
EndProject
Project("{FAE04EC0-301F-11D3-BF4B-00C04F79EFBC}") = "Unity.VisualScripting.Flow", "Unity.VisualScripting.Flow.csproj", "{5F2D1E07-FD0E-F45D-B9CC-394CF5547C01}"
EndProject
Project("{FAE04EC0-301F-11D3-BF4B-00C04F79EFBC}") = "Assembly-CSharp", "Assembly-CSharp.csproj", "{21278674-E598-804F-2063-C32D74C60E9D}"
EndProject
Project("{FAE04EC0-301F-11D3-BF4B-00C04F79EFBC}") = "Unity.PerformanceTesting", "Unity.PerformanceTesting.csproj", "{1657E389-8D05-552B-1892-853AF1ED7D8D}"
EndProject
Project("{FAE04EC0-301F-11D3-BF4B-00C04F79EFBC}") = "Unity.2D.Tilemap.Extras.Editor", "Unity.2D.Tilemap.Extras.Editor.csproj", "{90CA788A-FEB2-D27A-56B0-50AC5C19B013}"
EndProject
Project("{FAE04EC0-301F-11D3-BF4B-00C04F79EFBC}") = "Assembly-CSharp-Editor", "Assembly-CSharp-Editor.csproj", "{661E16F1-DC2D-0E3E-0FAE-EE4C84295006}"
EndProject
Project("{FAE04EC0-301F-11D3-BF4B-00C04F79EFBC}") = "Unity.TextMeshPro", "Unity.TextMeshPro.csproj", "{C03B56BC-E2F5-B6FB-1702-ACE280286E5C}"
EndProject
Project("{FAE04EC0-301F-11D3-BF4B-00C04F79EFBC}") = "Unity.TextMeshPro.Editor", "Unity.TextMeshPro.Editor.csproj", "{52500414-EA29-2ABB-B3BE-FCB46ABB84D9}"
EndProject
Project("{FAE04EC0-301F-11D3-BF4B-00C04F79EFBC}") = "Unity.Rendering.LightTransport.Runtime", "Unity.Rendering.LightTransport.Runtime.csproj", "{6A392D9B-B8E2-C963-A61F-2032CA7FBD0E}"
EndProject
Project("{FAE04EC0-301F-11D3-BF4B-00C04F79EFBC}") = "PsdPlugin", "PsdPlugin.csproj", "{2C3AA880-0476-8E6F-1C85-FD3FD67F6E85}"
EndProject
Project("{FAE04EC0-301F-11D3-BF4B-00C04F79EFBC}") = "Unity.2D.IK.Editor", "Unity.2D.IK.Editor.csproj", "{8CE62276-1765-C274-898F-71762909598D}"
EndProject
Project("{FAE04EC0-301F-11D3-BF4B-00C04F79EFBC}") = "Unity.InternalAPIEngineBridge.001", "Unity.InternalAPIEngineBridge.001.csproj", "{97270E38-D127-CD5C-D2C3-ACE3FCE1C959}"
EndProject
Project("{FAE04EC0-301F-11D3-BF4B-00C04F79EFBC}") = "Unity.2D.Aseprite.Common", "Unity.2D.Aseprite.Common.csproj", "{322F3E15-2A35-2448-1F34-77D979649DD2}"
EndProject
Project("{FAE04EC0-301F-11D3-BF4B-00C04F79EFBC}") = "Unity.Burst.Editor", "Unity.Burst.Editor.csproj", "{18F61969-85A6-E8FA-C299-8E8D360C50B4}"
EndProject
Project("{FAE04EC0-301F-11D3-BF4B-00C04F79EFBC}") = "Unity.2D.Common.Path.Editor", "Unity.2D.Common.Path.Editor.csproj", "{06619DE7-BA3D-8690-AE3E-277D5A890585}"
EndProject
Project("{FAE04EC0-301F-11D3-BF4B-00C04F79EFBC}") = "Unity.2D.Common.Editor", "Unity.2D.Common.Editor.csproj", "{4F7C17F3-211B-8429-DC6E-5FB58C34F481}"
EndProject
Project("{FAE04EC0-301F-11D3-BF4B-00C04F79EFBC}") = "Unity.Rider.Editor", "Unity.Rider.Editor.csproj", "{D30C5E4D-7AF3-BEAE-78CD-A57441C0EC2B}"
EndProject
Project("{FAE04EC0-301F-11D3-BF4B-00C04F79EFBC}") = "Unity.VisualScripting.State", "Unity.VisualScripting.State.csproj", "{5AE07EFB-FCDC-01A3-DD67-E84D5653340F}"
EndProject
Project("{FAE04EC0-301F-11D3-BF4B-00C04F79EFBC}") = "Unity.InternalAPIEditorBridge.001", "Unity.InternalAPIEditorBridge.001.csproj", "{A682E502-49D1-8DF7-322F-63CA58D9DECC}"
EndProject
Project("{FAE04EC0-301F-11D3-BF4B-00C04F79EFBC}") = "UnityEditor.UI", "UnityEditor.UI.csproj", "{BE98BF66-FFB5-1243-A66A-A14CC72C14C9}"
EndProject
Project("{FAE04EC0-301F-11D3-BF4B-00C04F79EFBC}") = "Unity.Services.Authentication.PlayerAccounts.Editor", "Unity.Services.Authentication.PlayerAccounts.Editor.csproj", "{36CED0CD-4DAB-775F-01AE-8956F055099C}"
EndProject
Project("{FAE04EC0-301F-11D3-BF4B-00C04F79EFBC}") = "Unity.2D.PixelPerfect.Editor", "Unity.2D.PixelPerfect.Editor.csproj", "{14467668-3309-A8E9-8701-2FF59C152C95}"
EndProject
Project("{FAE04EC0-301F-11D3-BF4B-00C04F79EFBC}") = "Unity.2D.Sprite.Editor", "Unity.2D.Sprite.Editor.csproj", "{862AB429-588B-517C-83D7-A7370F0D05F3}"
EndProject
Project("{FAE04EC0-301F-11D3-BF4B-00C04F79EFBC}") = "Unity.Services.Core.Configuration.Editor", "Unity.Services.Core.Configuration.Editor.csproj", "{D954BF99-5706-984C-950F-F0F05C483464}"
EndProject
Project("{FAE04EC0-301F-11D3-BF4B-00C04F79EFBC}") = "Unity.Services.Core.Configuration", "Unity.Services.Core.Configuration.csproj", "{923A2B30-1E8B-AA08-3D88-F5A0DFAA2D58}"
EndProject
Project("{FAE04EC0-301F-11D3-BF4B-00C04F79EFBC}") = "Unity.Services.Core.Environments.Internal", "Unity.Services.Core.Environments.Internal.csproj", "{6B78B364-6824-2743-295F-235A96CFE09E}"
EndProject
Project("{FAE04EC0-301F-11D3-BF4B-00C04F79EFBC}") = "Unity.InputSystem.ForUI", "Unity.InputSystem.ForUI.csproj", "{19CF0916-949F-183D-8787-C97C35A21227}"
EndProject
Project("{FAE04EC0-301F-11D3-BF4B-00C04F79EFBC}") = "Unity.Services.Core.Scheduler", "Unity.Services.Core.Scheduler.csproj", "{2B22E21E-FF44-8B5F-C659-4D122A26DE30}"
EndProject
Project("{FAE04EC0-301F-11D3-BF4B-00C04F79EFBC}") = "Unity.Collections.CodeGen", "Unity.Collections.CodeGen.csproj", "{FE033955-55D5-9230-A9AA-74F53B322E43}"
EndProject
Project("{FAE04EC0-301F-11D3-BF4B-00C04F79EFBC}") = "Unity.Services.Core.Telemetry", "Unity.Services.Core.Telemetry.csproj", "{AC3D5301-0B9A-078B-EE50-55A50D89AAA9}"
EndProject
Project("{FAE04EC0-301F-11D3-BF4B-00C04F79EFBC}") = "Unity.2D.Tilemap.Extras", "Unity.2D.Tilemap.Extras.csproj", "{22C88ACC-173F-4E07-E7D9-F606E8886000}"
EndProject
Project("{FAE04EC0-301F-11D3-BF4B-00C04F79EFBC}") = "Unity.2D.Animation.Runtime", "Unity.2D.Animation.Runtime.csproj", "{8C4417E4-B638-C258-2F9F-2A0323E5828E}"
EndProject
Project("{FAE04EC0-301F-11D3-BF4B-00C04F79EFBC}") = "Unity.Mathematics.Editor", "Unity.Mathematics.Editor.csproj", "{269DAEE8-92B9-7DC2-2028-911E4155CD0C}"
EndProject
Project("{FAE04EC0-301F-11D3-BF4B-00C04F79EFBC}") = "Unity.VisualScripting.SettingsProvider.Editor", "Unity.VisualScripting.SettingsProvider.Editor.csproj", "{6BF3174B-EEC3-A37E-4642-3200F735C67D}"
EndProject
Project("{FAE04EC0-301F-11D3-BF4B-00C04F79EFBC}") = "Unity.Services.Core.Threading", "Unity.Services.Core.Threading.csproj", "{A0011172-97DF-AB2D-5F0D-8D910BF8A6DE}"
EndProject
Project("{FAE04EC0-301F-11D3-BF4B-00C04F79EFBC}") = "Unity.InputSystem.TestFramework", "Unity.InputSystem.TestFramework.csproj", "{2D50EADC-7523-20E5-6FA8-7B1F8EC5E072}"
EndProject
Project("{FAE04EC0-301F-11D3-BF4B-00C04F79EFBC}") = "Unity.ShaderGraph.Utilities", "Unity.ShaderGraph.Utilities.csproj", "{050F9235-78FC-DFE9-FA9D-B549CFF5B7F1}"
EndProject
Project("{FAE04EC0-301F-11D3-BF4B-00C04F79EFBC}") = "Unity.VisualScripting.Shared.Editor", "Unity.VisualScripting.Shared.Editor.csproj", "{A930BB06-4A64-801E-F4E8-1800AFDE98CB}"
EndProject
Project("{FAE04EC0-301F-11D3-BF4B-00C04F79EFBC}") = "Unity.Services.Core.Device", "Unity.Services.Core.Device.csproj", "{0415A020-2BBD-33A7-96C0-FDA47FD586EC}"
EndProject
Project("{FAE04EC0-301F-11D3-BF4B-00C04F79EFBC}") = "Unity.Services.Core.Analytics", "Unity.Services.Core.Analytics.csproj", "{1A8D4555-D815-264B-86A8-78FA633EB838}"
EndProject
Project("{FAE04EC0-301F-11D3-BF4B-00C04F79EFBC}") = "Unity.RenderPipeline.Universal.ShaderLibrary", "Unity.RenderPipeline.Universal.ShaderLibrary.csproj", "{D7CBB21F-B9D2-44FB-F54B-B0D827D73A5F}"
EndProject
Project("{FAE04EC0-301F-11D3-BF4B-00C04F79EFBC}") = "Unity.Services.Authentication.Editor.Shared", "Unity.Services.Authentication.Editor.Shared.csproj", "{0F347C49-C252-8930-5AEB-BEEA630E1FB4}"
EndProject
Project("{FAE04EC0-301F-11D3-BF4B-00C04F79EFBC}") = "Unity.2D.Common.Runtime", "Unity.2D.Common.Runtime.csproj", "{8987BFD8-B1BA-BFAF-CF19-916163E5E751}"
EndProject
Project("{FAE04EC0-301F-11D3-BF4B-00C04F79EFBC}") = "Unity.Services.Core.Registration", "Unity.Services.Core.Registration.csproj", "{9A6CFDB4-185E-85E1-5F6F-9288C2DB57E6}"
EndProject
Project("{FAE04EC0-301F-11D3-BF4B-00C04F79EFBC}") = "Unity.2D.PixelPerfect", "Unity.2D.PixelPerfect.csproj", "{7E3EB73E-A329-9F1A-A45B-063136724778}"
EndProject
Project("{FAE04EC0-301F-11D3-BF4B-00C04F79EFBC}") = "Unity.CollabProxy.Editor", "Unity.CollabProxy.Editor.csproj", "{07BB416C-8637-BDC5-52D1-725FB6A134F9}"
EndProject
Project("{FAE04EC0-301F-11D3-BF4B-00C04F79EFBC}") = "Unity.Rendering.LightTransport.Editor", "Unity.Rendering.LightTransport.Editor.csproj", "{4F80E22F-13D6-6E09-B2E8-4F83509242F1}"
EndProject
Project("{FAE04EC0-301F-11D3-BF4B-00C04F79EFBC}") = "Unity.RenderPipelines.Universal.Shaders", "Unity.RenderPipelines.Universal.Shaders.csproj", "{559F6E7C-E57C-3EF6-BD81-06D8C0388D17}"
EndProject
Project("{FAE04EC0-301F-11D3-BF4B-00C04F79EFBC}") = "Unity.RenderPipelines.Core.Runtime.Shared", "Unity.RenderPipelines.Core.Runtime.Shared.csproj", "{A1BC6C7D-7778-0366-1005-7E066778E31C}"
EndProject
Project("{FAE04EC0-301F-11D3-BF4B-00C04F79EFBC}") = "ScriptablePacker", "ScriptablePacker.csproj", "{0D2E685F-16AB-889A-A163-452D4EE3932E}"
EndProject
Project("{FAE04EC0-301F-11D3-BF4B-00C04F79EFBC}") = "Unity.Services.Core.Networking", "Unity.Services.Core.Networking.csproj", "{E0D7C01D-91C8-75D1-A611-A33935270883}"
EndProject
Project("{FAE04EC0-301F-11D3-BF4B-00C04F79EFBC}") = "Unity.Services.Core.Environments", "Unity.Services.Core.Environments.csproj", "{0B85C7ED-989A-5A9E-F134-616C410C39C4}"
EndProject
Project("{FAE04EC0-301F-11D3-BF4B-00C04F79EFBC}") = "Unity.Collections.Editor", "Unity.Collections.Editor.csproj", "{0C535344-9C10-4D47-CC67-44E587018FDB}"
EndProject
Project("{FAE04EC0-301F-11D3-BF4B-00C04F79EFBC}") = "Unity.RenderPipelines.Universal.Config.Runtime", "Unity.RenderPipelines.Universal.Config.Runtime.csproj", "{205C872C-743D-A0F1-2F59-F5F98650AD66}"
EndProject
Project("{FAE04EC0-301F-11D3-BF4B-00C04F79EFBC}") = "Unity.RenderPipelines.ShaderGraph.ShaderGraphLibrary", "Unity.RenderPipelines.ShaderGraph.ShaderGraphLibrary.csproj", "{15DECCDF-2A37-ECBC-AFAF-263DB75DD370}"
EndProject
Project("{FAE04EC0-301F-11D3-BF4B-00C04F79EFBC}") = "Unity.RenderPipelines.Core.ShaderLibrary", "Unity.RenderPipelines.Core.ShaderLibrary.csproj", "{3B16BDE7-5E75-6723-6F2C-F7A9D2CFB0EA}"
EndProject
Project("{FAE04EC0-301F-11D3-BF4B-00C04F79EFBC}") = "Unity.RenderPipelines.Core.Editor.Shared", "Unity.RenderPipelines.Core.Editor.Shared.csproj", "{929F93CC-1BAD-966B-216F-CB3D41C9971A}"
EndProject
Global
	GlobalSection(SolutionConfigurationPlatforms) = preSolution
		Debug|Any CPU = Debug|Any CPU
		Release|Any CPU = Release|Any CPU
	EndGlobalSection
	GlobalSection(ProjectConfigurationPlatforms) = postSolution
		{11E2CB18-F7BF-8286-CD67-F5271B5DE2FE}.Debug|Any CPU.ActiveCfg = Debug|Any CPU
		{11E2CB18-F7BF-8286-CD67-F5271B5DE2FE}.Debug|Any CPU.Build.0 = Debug|Any CPU
		{11E2CB18-F7BF-8286-CD67-F5271B5DE2FE}.Release|Any CPU.ActiveCfg = Release|Any CPU
		{11E2CB18-F7BF-8286-CD67-F5271B5DE2FE}.Release|Any CPU.Build.0 = Release|Any CPU
		{916D1E78-C222-C502-DD05-A9A2CBB84D58}.Debug|Any CPU.ActiveCfg = Debug|Any CPU
		{916D1E78-C222-C502-DD05-A9A2CBB84D58}.Debug|Any CPU.Build.0 = Debug|Any CPU
		{916D1E78-C222-C502-DD05-A9A2CBB84D58}.Release|Any CPU.ActiveCfg = Release|Any CPU
		{916D1E78-C222-C502-DD05-A9A2CBB84D58}.Release|Any CPU.Build.0 = Release|Any CPU
		{C10BB17E-E6C0-CAFA-D1C2-3612B881B8DC}.Debug|Any CPU.ActiveCfg = Debug|Any CPU
		{C10BB17E-E6C0-CAFA-D1C2-3612B881B8DC}.Debug|Any CPU.Build.0 = Debug|Any CPU
		{C10BB17E-E6C0-CAFA-D1C2-3612B881B8DC}.Release|Any CPU.ActiveCfg = Release|Any CPU
		{C10BB17E-E6C0-CAFA-D1C2-3612B881B8DC}.Release|Any CPU.Build.0 = Release|Any CPU
		{D560C388-961B-D119-5DBD-987330DBE6BB}.Debug|Any CPU.ActiveCfg = Debug|Any CPU
		{D560C388-961B-D119-5DBD-987330DBE6BB}.Debug|Any CPU.Build.0 = Debug|Any CPU
		{D560C388-961B-D119-5DBD-987330DBE6BB}.Release|Any CPU.ActiveCfg = Release|Any CPU
		{D560C388-961B-D119-5DBD-987330DBE6BB}.Release|Any CPU.Build.0 = Release|Any CPU
		{B139900F-F4B3-D4FF-5700-84BF1CF90CE4}.Debug|Any CPU.ActiveCfg = Debug|Any CPU
		{B139900F-F4B3-D4FF-5700-84BF1CF90CE4}.Debug|Any CPU.Build.0 = Debug|Any CPU
		{B139900F-F4B3-D4FF-5700-84BF1CF90CE4}.Release|Any CPU.ActiveCfg = Release|Any CPU
		{B139900F-F4B3-D4FF-5700-84BF1CF90CE4}.Release|Any CPU.Build.0 = Release|Any CPU
		{2AA915F3-C25B-E490-6017-F98EBFA4189A}.Debug|Any CPU.ActiveCfg = Debug|Any CPU
		{2AA915F3-C25B-E490-6017-F98EBFA4189A}.Debug|Any CPU.Build.0 = Debug|Any CPU
		{2AA915F3-C25B-E490-6017-F98EBFA4189A}.Release|Any CPU.ActiveCfg = Release|Any CPU
		{2AA915F3-C25B-E490-6017-F98EBFA4189A}.Release|Any CPU.Build.0 = Release|Any CPU
		{3F561D9A-DEA1-57D6-E426-C3F072BB24CE}.Debug|Any CPU.ActiveCfg = Debug|Any CPU
		{3F561D9A-DEA1-57D6-E426-C3F072BB24CE}.Debug|Any CPU.Build.0 = Debug|Any CPU
		{3F561D9A-DEA1-57D6-E426-C3F072BB24CE}.Release|Any CPU.ActiveCfg = Release|Any CPU
		{3F561D9A-DEA1-57D6-E426-C3F072BB24CE}.Release|Any CPU.Build.0 = Release|Any CPU
		{1C22142E-D172-6021-8E66-F666D620D37D}.Debug|Any CPU.ActiveCfg = Debug|Any CPU
		{1C22142E-D172-6021-8E66-F666D620D37D}.Debug|Any CPU.Build.0 = Debug|Any CPU
		{1C22142E-D172-6021-8E66-F666D620D37D}.Release|Any CPU.ActiveCfg = Release|Any CPU
		{1C22142E-D172-6021-8E66-F666D620D37D}.Release|Any CPU.Build.0 = Release|Any CPU
		{BD7902EB-1B56-D158-3592-765B468FB27E}.Debug|Any CPU.ActiveCfg = Debug|Any CPU
		{BD7902EB-1B56-D158-3592-765B468FB27E}.Debug|Any CPU.Build.0 = Debug|Any CPU
		{BD7902EB-1B56-D158-3592-765B468FB27E}.Release|Any CPU.ActiveCfg = Release|Any CPU
		{BD7902EB-1B56-D158-3592-765B468FB27E}.Release|Any CPU.Build.0 = Release|Any CPU
		{2BE70BE3-A5E4-8F67-6AB0-B8787DE95A92}.Debug|Any CPU.ActiveCfg = Debug|Any CPU
		{2BE70BE3-A5E4-8F67-6AB0-B8787DE95A92}.Debug|Any CPU.Build.0 = Debug|Any CPU
		{2BE70BE3-A5E4-8F67-6AB0-B8787DE95A92}.Release|Any CPU.ActiveCfg = Release|Any CPU
		{2BE70BE3-A5E4-8F67-6AB0-B8787DE95A92}.Release|Any CPU.Build.0 = Release|Any CPU
		{1BD53F4C-97D3-D98B-8786-51B2DA71A7DD}.Debug|Any CPU.ActiveCfg = Debug|Any CPU
		{1BD53F4C-97D3-D98B-8786-51B2DA71A7DD}.Debug|Any CPU.Build.0 = Debug|Any CPU
		{1BD53F4C-97D3-D98B-8786-51B2DA71A7DD}.Release|Any CPU.ActiveCfg = Release|Any CPU
		{1BD53F4C-97D3-D98B-8786-51B2DA71A7DD}.Release|Any CPU.Build.0 = Release|Any CPU
		{412BF515-11A0-EC51-67BA-10DB71D06C0F}.Debug|Any CPU.ActiveCfg = Debug|Any CPU
		{412BF515-11A0-EC51-67BA-10DB71D06C0F}.Debug|Any CPU.Build.0 = Debug|Any CPU
		{412BF515-11A0-EC51-67BA-10DB71D06C0F}.Release|Any CPU.ActiveCfg = Release|Any CPU
		{412BF515-11A0-EC51-67BA-10DB71D06C0F}.Release|Any CPU.Build.0 = Release|Any CPU
		{690AD34B-FA17-04F1-39CE-7DFE86010ACB}.Debug|Any CPU.ActiveCfg = Debug|Any CPU
		{690AD34B-FA17-04F1-39CE-7DFE86010ACB}.Debug|Any CPU.Build.0 = Debug|Any CPU
		{690AD34B-FA17-04F1-39CE-7DFE86010ACB}.Release|Any CPU.ActiveCfg = Release|Any CPU
		{690AD34B-FA17-04F1-39CE-7DFE86010ACB}.Release|Any CPU.Build.0 = Release|Any CPU
		{B2504B83-AD6F-B905-8C49-6A452325893D}.Debug|Any CPU.ActiveCfg = Debug|Any CPU
		{B2504B83-AD6F-B905-8C49-6A452325893D}.Debug|Any CPU.Build.0 = Debug|Any CPU
		{B2504B83-AD6F-B905-8C49-6A452325893D}.Release|Any CPU.ActiveCfg = Release|Any CPU
		{B2504B83-AD6F-B905-8C49-6A452325893D}.Release|Any CPU.Build.0 = Release|Any CPU
		{CFD80A17-E2A8-F2AC-804F-B0351EFEA041}.Debug|Any CPU.ActiveCfg = Debug|Any CPU
		{CFD80A17-E2A8-F2AC-804F-B0351EFEA041}.Debug|Any CPU.Build.0 = Debug|Any CPU
		{CFD80A17-E2A8-F2AC-804F-B0351EFEA041}.Release|Any CPU.ActiveCfg = Release|Any CPU
		{CFD80A17-E2A8-F2AC-804F-B0351EFEA041}.Release|Any CPU.Build.0 = Release|Any CPU
		{67A41AFB-5583-E120-E714-227F5993AD85}.Debug|Any CPU.ActiveCfg = Debug|Any CPU
		{67A41AFB-5583-E120-E714-227F5993AD85}.Debug|Any CPU.Build.0 = Debug|Any CPU
		{67A41AFB-5583-E120-E714-227F5993AD85}.Release|Any CPU.ActiveCfg = Release|Any CPU
		{67A41AFB-5583-E120-E714-227F5993AD85}.Release|Any CPU.Build.0 = Release|Any CPU
		{A9C711E4-0FEA-86EB-0B2B-292635E0BF3F}.Debug|Any CPU.ActiveCfg = Debug|Any CPU
		{A9C711E4-0FEA-86EB-0B2B-292635E0BF3F}.Debug|Any CPU.Build.0 = Debug|Any CPU
		{A9C711E4-0FEA-86EB-0B2B-292635E0BF3F}.Release|Any CPU.ActiveCfg = Release|Any CPU
		{A9C711E4-0FEA-86EB-0B2B-292635E0BF3F}.Release|Any CPU.Build.0 = Release|Any CPU
		{DCFB859F-684C-3668-1EB8-39A74ADFAEFB}.Debug|Any CPU.ActiveCfg = Debug|Any CPU
		{DCFB859F-684C-3668-1EB8-39A74ADFAEFB}.Debug|Any CPU.Build.0 = Debug|Any CPU
		{DCFB859F-684C-3668-1EB8-39A74ADFAEFB}.Release|Any CPU.ActiveCfg = Release|Any CPU
		{DCFB859F-684C-3668-1EB8-39A74ADFAEFB}.Release|Any CPU.Build.0 = Release|Any CPU
		{18EDC427-2C05-9C49-AC0A-1AAB215B7C3C}.Debug|Any CPU.ActiveCfg = Debug|Any CPU
		{18EDC427-2C05-9C49-AC0A-1AAB215B7C3C}.Debug|Any CPU.Build.0 = Debug|Any CPU
		{18EDC427-2C05-9C49-AC0A-1AAB215B7C3C}.Release|Any CPU.ActiveCfg = Release|Any CPU
		{18EDC427-2C05-9C49-AC0A-1AAB215B7C3C}.Release|Any CPU.Build.0 = Release|Any CPU
		{8C5B0A6E-F96E-8950-A16B-5E2A326A01B5}.Debug|Any CPU.ActiveCfg = Debug|Any CPU
		{8C5B0A6E-F96E-8950-A16B-5E2A326A01B5}.Debug|Any CPU.Build.0 = Debug|Any CPU
		{8C5B0A6E-F96E-8950-A16B-5E2A326A01B5}.Release|Any CPU.ActiveCfg = Release|Any CPU
		{8C5B0A6E-F96E-8950-A16B-5E2A326A01B5}.Release|Any CPU.Build.0 = Release|Any CPU
		{74B52A79-510C-D16E-7D88-4C96AC56D286}.Debug|Any CPU.ActiveCfg = Debug|Any CPU
		{74B52A79-510C-D16E-7D88-4C96AC56D286}.Debug|Any CPU.Build.0 = Debug|Any CPU
		{74B52A79-510C-D16E-7D88-4C96AC56D286}.Release|Any CPU.ActiveCfg = Release|Any CPU
		{74B52A79-510C-D16E-7D88-4C96AC56D286}.Release|Any CPU.Build.0 = Release|Any CPU
		{399422A9-48F2-EFBE-0310-D45BCFBEDC5C}.Debug|Any CPU.ActiveCfg = Debug|Any CPU
		{399422A9-48F2-EFBE-0310-D45BCFBEDC5C}.Debug|Any CPU.Build.0 = Debug|Any CPU
		{399422A9-48F2-EFBE-0310-D45BCFBEDC5C}.Release|Any CPU.ActiveCfg = Release|Any CPU
		{399422A9-48F2-EFBE-0310-D45BCFBEDC5C}.Release|Any CPU.Build.0 = Release|Any CPU
		{C139651B-69C8-3EBC-837C-A0F165DAC32D}.Debug|Any CPU.ActiveCfg = Debug|Any CPU
		{C139651B-69C8-3EBC-837C-A0F165DAC32D}.Debug|Any CPU.Build.0 = Debug|Any CPU
		{C139651B-69C8-3EBC-837C-A0F165DAC32D}.Release|Any CPU.ActiveCfg = Release|Any CPU
		{C139651B-69C8-3EBC-837C-A0F165DAC32D}.Release|Any CPU.Build.0 = Release|Any CPU
		{2169C3BA-C929-FCD6-8E50-ED1AF489EFCE}.Debug|Any CPU.ActiveCfg = Debug|Any CPU
		{2169C3BA-C929-FCD6-8E50-ED1AF489EFCE}.Debug|Any CPU.Build.0 = Debug|Any CPU
		{2169C3BA-C929-FCD6-8E50-ED1AF489EFCE}.Release|Any CPU.ActiveCfg = Release|Any CPU
		{2169C3BA-C929-FCD6-8E50-ED1AF489EFCE}.Release|Any CPU.Build.0 = Release|Any CPU
		{E327F87B-060B-8C6E-09C2-E4E17A8136C1}.Debug|Any CPU.ActiveCfg = Debug|Any CPU
		{E327F87B-060B-8C6E-09C2-E4E17A8136C1}.Debug|Any CPU.Build.0 = Debug|Any CPU
		{E327F87B-060B-8C6E-09C2-E4E17A8136C1}.Release|Any CPU.ActiveCfg = Release|Any CPU
		{E327F87B-060B-8C6E-09C2-E4E17A8136C1}.Release|Any CPU.Build.0 = Release|Any CPU
		{D03A200B-2CCB-CD08-543B-E15E7F62E5E4}.Debug|Any CPU.ActiveCfg = Debug|Any CPU
		{D03A200B-2CCB-CD08-543B-E15E7F62E5E4}.Debug|Any CPU.Build.0 = Debug|Any CPU
		{D03A200B-2CCB-CD08-543B-E15E7F62E5E4}.Release|Any CPU.ActiveCfg = Release|Any CPU
		{D03A200B-2CCB-CD08-543B-E15E7F62E5E4}.Release|Any CPU.Build.0 = Release|Any CPU
		{9D9E5FBC-DE99-E952-490D-70882954B681}.Debug|Any CPU.ActiveCfg = Debug|Any CPU
		{9D9E5FBC-DE99-E952-490D-70882954B681}.Debug|Any CPU.Build.0 = Debug|Any CPU
		{9D9E5FBC-DE99-E952-490D-70882954B681}.Release|Any CPU.ActiveCfg = Release|Any CPU
		{9D9E5FBC-DE99-E952-490D-70882954B681}.Release|Any CPU.Build.0 = Release|Any CPU
		{62495CF4-F8DC-EB67-8F5F-2EDC305BD6B4}.Debug|Any CPU.ActiveCfg = Debug|Any CPU
		{62495CF4-F8DC-EB67-8F5F-2EDC305BD6B4}.Debug|Any CPU.Build.0 = Debug|Any CPU
		{62495CF4-F8DC-EB67-8F5F-2EDC305BD6B4}.Release|Any CPU.ActiveCfg = Release|Any CPU
		{62495CF4-F8DC-EB67-8F5F-2EDC305BD6B4}.Release|Any CPU.Build.0 = Release|Any CPU
		{5B0CFDBE-673E-64E7-E7F5-151E4170EF0E}.Debug|Any CPU.ActiveCfg = Debug|Any CPU
		{5B0CFDBE-673E-64E7-E7F5-151E4170EF0E}.Debug|Any CPU.Build.0 = Debug|Any CPU
		{5B0CFDBE-673E-64E7-E7F5-151E4170EF0E}.Release|Any CPU.ActiveCfg = Release|Any CPU
		{5B0CFDBE-673E-64E7-E7F5-151E4170EF0E}.Release|Any CPU.Build.0 = Release|Any CPU
		{A2185985-F715-BFFD-1463-3CABF9CF011D}.Debug|Any CPU.ActiveCfg = Debug|Any CPU
		{A2185985-F715-BFFD-1463-3CABF9CF011D}.Debug|Any CPU.Build.0 = Debug|Any CPU
		{A2185985-F715-BFFD-1463-3CABF9CF011D}.Release|Any CPU.ActiveCfg = Release|Any CPU
		{A2185985-F715-BFFD-1463-3CABF9CF011D}.Release|Any CPU.Build.0 = Release|Any CPU
		{192EF993-FD34-D6A1-989A-BB610FD81B3E}.Debug|Any CPU.ActiveCfg = Debug|Any CPU
		{192EF993-FD34-D6A1-989A-BB610FD81B3E}.Debug|Any CPU.Build.0 = Debug|Any CPU
		{192EF993-FD34-D6A1-989A-BB610FD81B3E}.Release|Any CPU.ActiveCfg = Release|Any CPU
		{192EF993-FD34-D6A1-989A-BB610FD81B3E}.Release|Any CPU.Build.0 = Release|Any CPU
		{C888E712-EB1F-93F9-AC2B-2E8D87EB14CF}.Debug|Any CPU.ActiveCfg = Debug|Any CPU
		{C888E712-EB1F-93F9-AC2B-2E8D87EB14CF}.Debug|Any CPU.Build.0 = Debug|Any CPU
		{C888E712-EB1F-93F9-AC2B-2E8D87EB14CF}.Release|Any CPU.ActiveCfg = Release|Any CPU
		{C888E712-EB1F-93F9-AC2B-2E8D87EB14CF}.Release|Any CPU.Build.0 = Release|Any CPU
		{85AD634A-67CA-EB38-F3D2-E774F2DC1E5E}.Debug|Any CPU.ActiveCfg = Debug|Any CPU
		{85AD634A-67CA-EB38-F3D2-E774F2DC1E5E}.Debug|Any CPU.Build.0 = Debug|Any CPU
		{85AD634A-67CA-EB38-F3D2-E774F2DC1E5E}.Release|Any CPU.ActiveCfg = Release|Any CPU
		{85AD634A-67CA-EB38-F3D2-E774F2DC1E5E}.Release|Any CPU.Build.0 = Release|Any CPU
		{CF171C6C-BCA9-06CC-F2B2-6D3B4BFBB8F9}.Debug|Any CPU.ActiveCfg = Debug|Any CPU
		{CF171C6C-BCA9-06CC-F2B2-6D3B4BFBB8F9}.Debug|Any CPU.Build.0 = Debug|Any CPU
		{CF171C6C-BCA9-06CC-F2B2-6D3B4BFBB8F9}.Release|Any CPU.ActiveCfg = Release|Any CPU
		{CF171C6C-BCA9-06CC-F2B2-6D3B4BFBB8F9}.Release|Any CPU.Build.0 = Release|Any CPU
		{C0C4AE2F-EBB7-178E-DD97-FC390615AEF6}.Debug|Any CPU.ActiveCfg = Debug|Any CPU
		{C0C4AE2F-EBB7-178E-DD97-FC390615AEF6}.Debug|Any CPU.Build.0 = Debug|Any CPU
		{C0C4AE2F-EBB7-178E-DD97-FC390615AEF6}.Release|Any CPU.ActiveCfg = Release|Any CPU
		{C0C4AE2F-EBB7-178E-DD97-FC390615AEF6}.Release|Any CPU.Build.0 = Release|Any CPU
		{7822FB09-880A-6616-628F-C5C3D1196158}.Debug|Any CPU.ActiveCfg = Debug|Any CPU
		{7822FB09-880A-6616-628F-C5C3D1196158}.Debug|Any CPU.Build.0 = Debug|Any CPU
		{7822FB09-880A-6616-628F-C5C3D1196158}.Release|Any CPU.ActiveCfg = Release|Any CPU
		{7822FB09-880A-6616-628F-C5C3D1196158}.Release|Any CPU.Build.0 = Release|Any CPU
		{51F44D4D-8DAF-A4A3-02F7-D120457225D3}.Debug|Any CPU.ActiveCfg = Debug|Any CPU
		{51F44D4D-8DAF-A4A3-02F7-D120457225D3}.Debug|Any CPU.Build.0 = Debug|Any CPU
		{51F44D4D-8DAF-A4A3-02F7-D120457225D3}.Release|Any CPU.ActiveCfg = Release|Any CPU
		{51F44D4D-8DAF-A4A3-02F7-D120457225D3}.Release|Any CPU.Build.0 = Release|Any CPU
		{65EA392B-7965-0B61-8214-92CC6296D514}.Debug|Any CPU.ActiveCfg = Debug|Any CPU
		{65EA392B-7965-0B61-8214-92CC6296D514}.Debug|Any CPU.Build.0 = Debug|Any CPU
		{65EA392B-7965-0B61-8214-92CC6296D514}.Release|Any CPU.ActiveCfg = Release|Any CPU
		{65EA392B-7965-0B61-8214-92CC6296D514}.Release|Any CPU.Build.0 = Release|Any CPU
		{BE9E8D0C-3036-BDAC-10BB-7B569994C685}.Debug|Any CPU.ActiveCfg = Debug|Any CPU
		{BE9E8D0C-3036-BDAC-10BB-7B569994C685}.Debug|Any CPU.Build.0 = Debug|Any CPU
		{BE9E8D0C-3036-BDAC-10BB-7B569994C685}.Release|Any CPU.ActiveCfg = Release|Any CPU
		{BE9E8D0C-3036-BDAC-10BB-7B569994C685}.Release|Any CPU.Build.0 = Release|Any CPU
		{3B11319C-45D4-839B-D9AC-E03C8ECA5B5C}.Debug|Any CPU.ActiveCfg = Debug|Any CPU
		{3B11319C-45D4-839B-D9AC-E03C8ECA5B5C}.Debug|Any CPU.Build.0 = Debug|Any CPU
		{3B11319C-45D4-839B-D9AC-E03C8ECA5B5C}.Release|Any CPU.ActiveCfg = Release|Any CPU
		{3B11319C-45D4-839B-D9AC-E03C8ECA5B5C}.Release|Any CPU.Build.0 = Release|Any CPU
		{5F2D1E07-FD0E-F45D-B9CC-394CF5547C01}.Debug|Any CPU.ActiveCfg = Debug|Any CPU
		{5F2D1E07-FD0E-F45D-B9CC-394CF5547C01}.Debug|Any CPU.Build.0 = Debug|Any CPU
		{5F2D1E07-FD0E-F45D-B9CC-394CF5547C01}.Release|Any CPU.ActiveCfg = Release|Any CPU
		{5F2D1E07-FD0E-F45D-B9CC-394CF5547C01}.Release|Any CPU.Build.0 = Release|Any CPU
		{21278674-E598-804F-2063-C32D74C60E9D}.Debug|Any CPU.ActiveCfg = Debug|Any CPU
		{21278674-E598-804F-2063-C32D74C60E9D}.Debug|Any CPU.Build.0 = Debug|Any CPU
		{21278674-E598-804F-2063-C32D74C60E9D}.Release|Any CPU.ActiveCfg = Release|Any CPU
		{21278674-E598-804F-2063-C32D74C60E9D}.Release|Any CPU.Build.0 = Release|Any CPU
		{1657E389-8D05-552B-1892-853AF1ED7D8D}.Debug|Any CPU.ActiveCfg = Debug|Any CPU
		{1657E389-8D05-552B-1892-853AF1ED7D8D}.Debug|Any CPU.Build.0 = Debug|Any CPU
		{1657E389-8D05-552B-1892-853AF1ED7D8D}.Release|Any CPU.ActiveCfg = Release|Any CPU
		{1657E389-8D05-552B-1892-853AF1ED7D8D}.Release|Any CPU.Build.0 = Release|Any CPU
		{90CA788A-FEB2-D27A-56B0-50AC5C19B013}.Debug|Any CPU.ActiveCfg = Debug|Any CPU
		{90CA788A-FEB2-D27A-56B0-50AC5C19B013}.Debug|Any CPU.Build.0 = Debug|Any CPU
		{90CA788A-FEB2-D27A-56B0-50AC5C19B013}.Release|Any CPU.ActiveCfg = Release|Any CPU
		{90CA788A-FEB2-D27A-56B0-50AC5C19B013}.Release|Any CPU.Build.0 = Release|Any CPU
		{661E16F1-DC2D-0E3E-0FAE-EE4C84295006}.Debug|Any CPU.ActiveCfg = Debug|Any CPU
		{661E16F1-DC2D-0E3E-0FAE-EE4C84295006}.Debug|Any CPU.Build.0 = Debug|Any CPU
		{661E16F1-DC2D-0E3E-0FAE-EE4C84295006}.Release|Any CPU.ActiveCfg = Release|Any CPU
		{661E16F1-DC2D-0E3E-0FAE-EE4C84295006}.Release|Any CPU.Build.0 = Release|Any CPU
		{C03B56BC-E2F5-B6FB-1702-ACE280286E5C}.Debug|Any CPU.ActiveCfg = Debug|Any CPU
		{C03B56BC-E2F5-B6FB-1702-ACE280286E5C}.Debug|Any CPU.Build.0 = Debug|Any CPU
		{C03B56BC-E2F5-B6FB-1702-ACE280286E5C}.Release|Any CPU.ActiveCfg = Release|Any CPU
		{C03B56BC-E2F5-B6FB-1702-ACE280286E5C}.Release|Any CPU.Build.0 = Release|Any CPU
		{52500414-EA29-2ABB-B3BE-FCB46ABB84D9}.Debug|Any CPU.ActiveCfg = Debug|Any CPU
		{52500414-EA29-2ABB-B3BE-FCB46ABB84D9}.Debug|Any CPU.Build.0 = Debug|Any CPU
		{52500414-EA29-2ABB-B3BE-FCB46ABB84D9}.Release|Any CPU.ActiveCfg = Release|Any CPU
		{52500414-EA29-2ABB-B3BE-FCB46ABB84D9}.Release|Any CPU.Build.0 = Release|Any CPU
		{6A392D9B-B8E2-C963-A61F-2032CA7FBD0E}.Debug|Any CPU.ActiveCfg = Debug|Any CPU
		{6A392D9B-B8E2-C963-A61F-2032CA7FBD0E}.Debug|Any CPU.Build.0 = Debug|Any CPU
		{6A392D9B-B8E2-C963-A61F-2032CA7FBD0E}.Release|Any CPU.ActiveCfg = Release|Any CPU
		{6A392D9B-B8E2-C963-A61F-2032CA7FBD0E}.Release|Any CPU.Build.0 = Release|Any CPU
		{2C3AA880-0476-8E6F-1C85-FD3FD67F6E85}.Debug|Any CPU.ActiveCfg = Debug|Any CPU
		{2C3AA880-0476-8E6F-1C85-FD3FD67F6E85}.Debug|Any CPU.Build.0 = Debug|Any CPU
		{2C3AA880-0476-8E6F-1C85-FD3FD67F6E85}.Release|Any CPU.ActiveCfg = Release|Any CPU
		{2C3AA880-0476-8E6F-1C85-FD3FD67F6E85}.Release|Any CPU.Build.0 = Release|Any CPU
		{8CE62276-1765-C274-898F-71762909598D}.Debug|Any CPU.ActiveCfg = Debug|Any CPU
		{8CE62276-1765-C274-898F-71762909598D}.Debug|Any CPU.Build.0 = Debug|Any CPU
		{8CE62276-1765-C274-898F-71762909598D}.Release|Any CPU.ActiveCfg = Release|Any CPU
		{8CE62276-1765-C274-898F-71762909598D}.Release|Any CPU.Build.0 = Release|Any CPU
		{97270E38-D127-CD5C-D2C3-ACE3FCE1C959}.Debug|Any CPU.ActiveCfg = Debug|Any CPU
		{97270E38-D127-CD5C-D2C3-ACE3FCE1C959}.Debug|Any CPU.Build.0 = Debug|Any CPU
		{97270E38-D127-CD5C-D2C3-ACE3FCE1C959}.Release|Any CPU.ActiveCfg = Release|Any CPU
		{97270E38-D127-CD5C-D2C3-ACE3FCE1C959}.Release|Any CPU.Build.0 = Release|Any CPU
		{322F3E15-2A35-2448-1F34-77D979649DD2}.Debug|Any CPU.ActiveCfg = Debug|Any CPU
		{322F3E15-2A35-2448-1F34-77D979649DD2}.Debug|Any CPU.Build.0 = Debug|Any CPU
		{322F3E15-2A35-2448-1F34-77D979649DD2}.Release|Any CPU.ActiveCfg = Release|Any CPU
		{322F3E15-2A35-2448-1F34-77D979649DD2}.Release|Any CPU.Build.0 = Release|Any CPU
		{18F61969-85A6-E8FA-C299-8E8D360C50B4}.Debug|Any CPU.ActiveCfg = Debug|Any CPU
		{18F61969-85A6-E8FA-C299-8E8D360C50B4}.Debug|Any CPU.Build.0 = Debug|Any CPU
		{18F61969-85A6-E8FA-C299-8E8D360C50B4}.Release|Any CPU.ActiveCfg = Release|Any CPU
		{18F61969-85A6-E8FA-C299-8E8D360C50B4}.Release|Any CPU.Build.0 = Release|Any CPU
		{06619DE7-BA3D-8690-AE3E-277D5A890585}.Debug|Any CPU.ActiveCfg = Debug|Any CPU
		{06619DE7-BA3D-8690-AE3E-277D5A890585}.Debug|Any CPU.Build.0 = Debug|Any CPU
		{06619DE7-BA3D-8690-AE3E-277D5A890585}.Release|Any CPU.ActiveCfg = Release|Any CPU
		{06619DE7-BA3D-8690-AE3E-277D5A890585}.Release|Any CPU.Build.0 = Release|Any CPU
		{4F7C17F3-211B-8429-DC6E-5FB58C34F481}.Debug|Any CPU.ActiveCfg = Debug|Any CPU
		{4F7C17F3-211B-8429-DC6E-5FB58C34F481}.Debug|Any CPU.Build.0 = Debug|Any CPU
		{4F7C17F3-211B-8429-DC6E-5FB58C34F481}.Release|Any CPU.ActiveCfg = Release|Any CPU
		{4F7C17F3-211B-8429-DC6E-5FB58C34F481}.Release|Any CPU.Build.0 = Release|Any CPU
		{D30C5E4D-7AF3-BEAE-78CD-A57441C0EC2B}.Debug|Any CPU.ActiveCfg = Debug|Any CPU
		{D30C5E4D-7AF3-BEAE-78CD-A57441C0EC2B}.Debug|Any CPU.Build.0 = Debug|Any CPU
		{D30C5E4D-7AF3-BEAE-78CD-A57441C0EC2B}.Release|Any CPU.ActiveCfg = Release|Any CPU
		{D30C5E4D-7AF3-BEAE-78CD-A57441C0EC2B}.Release|Any CPU.Build.0 = Release|Any CPU
		{5AE07EFB-FCDC-01A3-DD67-E84D5653340F}.Debug|Any CPU.ActiveCfg = Debug|Any CPU
		{5AE07EFB-FCDC-01A3-DD67-E84D5653340F}.Debug|Any CPU.Build.0 = Debug|Any CPU
		{5AE07EFB-FCDC-01A3-DD67-E84D5653340F}.Release|Any CPU.ActiveCfg = Release|Any CPU
		{5AE07EFB-FCDC-01A3-DD67-E84D5653340F}.Release|Any CPU.Build.0 = Release|Any CPU
		{A682E502-49D1-8DF7-322F-63CA58D9DECC}.Debug|Any CPU.ActiveCfg = Debug|Any CPU
		{A682E502-49D1-8DF7-322F-63CA58D9DECC}.Debug|Any CPU.Build.0 = Debug|Any CPU
		{A682E502-49D1-8DF7-322F-63CA58D9DECC}.Release|Any CPU.ActiveCfg = Release|Any CPU
		{A682E502-49D1-8DF7-322F-63CA58D9DECC}.Release|Any CPU.Build.0 = Release|Any CPU
		{BE98BF66-FFB5-1243-A66A-A14CC72C14C9}.Debug|Any CPU.ActiveCfg = Debug|Any CPU
		{BE98BF66-FFB5-1243-A66A-A14CC72C14C9}.Debug|Any CPU.Build.0 = Debug|Any CPU
		{BE98BF66-FFB5-1243-A66A-A14CC72C14C9}.Release|Any CPU.ActiveCfg = Release|Any CPU
		{BE98BF66-FFB5-1243-A66A-A14CC72C14C9}.Release|Any CPU.Build.0 = Release|Any CPU
		{36CED0CD-4DAB-775F-01AE-8956F055099C}.Debug|Any CPU.ActiveCfg = Debug|Any CPU
		{36CED0CD-4DAB-775F-01AE-8956F055099C}.Debug|Any CPU.Build.0 = Debug|Any CPU
		{36CED0CD-4DAB-775F-01AE-8956F055099C}.Release|Any CPU.ActiveCfg = Release|Any CPU
		{36CED0CD-4DAB-775F-01AE-8956F055099C}.Release|Any CPU.Build.0 = Release|Any CPU
		{14467668-3309-A8E9-8701-2FF59C152C95}.Debug|Any CPU.ActiveCfg = Debug|Any CPU
		{14467668-3309-A8E9-8701-2FF59C152C95}.Debug|Any CPU.Build.0 = Debug|Any CPU
		{14467668-3309-A8E9-8701-2FF59C152C95}.Release|Any CPU.ActiveCfg = Release|Any CPU
		{14467668-3309-A8E9-8701-2FF59C152C95}.Release|Any CPU.Build.0 = Release|Any CPU
		{862AB429-588B-517C-83D7-A7370F0D05F3}.Debug|Any CPU.ActiveCfg = Debug|Any CPU
		{862AB429-588B-517C-83D7-A7370F0D05F3}.Debug|Any CPU.Build.0 = Debug|Any CPU
		{862AB429-588B-517C-83D7-A7370F0D05F3}.Release|Any CPU.ActiveCfg = Release|Any CPU
		{862AB429-588B-517C-83D7-A7370F0D05F3}.Release|Any CPU.Build.0 = Release|Any CPU
		{D954BF99-5706-984C-950F-F0F05C483464}.Debug|Any CPU.ActiveCfg = Debug|Any CPU
		{D954BF99-5706-984C-950F-F0F05C483464}.Debug|Any CPU.Build.0 = Debug|Any CPU
		{D954BF99-5706-984C-950F-F0F05C483464}.Release|Any CPU.ActiveCfg = Release|Any CPU
		{D954BF99-5706-984C-950F-F0F05C483464}.Release|Any CPU.Build.0 = Release|Any CPU
		{923A2B30-1E8B-AA08-3D88-F5A0DFAA2D58}.Debug|Any CPU.ActiveCfg = Debug|Any CPU
		{923A2B30-1E8B-AA08-3D88-F5A0DFAA2D58}.Debug|Any CPU.Build.0 = Debug|Any CPU
		{923A2B30-1E8B-AA08-3D88-F5A0DFAA2D58}.Release|Any CPU.ActiveCfg = Release|Any CPU
		{923A2B30-1E8B-AA08-3D88-F5A0DFAA2D58}.Release|Any CPU.Build.0 = Release|Any CPU
		{6B78B364-6824-2743-295F-235A96CFE09E}.Debug|Any CPU.ActiveCfg = Debug|Any CPU
		{6B78B364-6824-2743-295F-235A96CFE09E}.Debug|Any CPU.Build.0 = Debug|Any CPU
		{6B78B364-6824-2743-295F-235A96CFE09E}.Release|Any CPU.ActiveCfg = Release|Any CPU
		{6B78B364-6824-2743-295F-235A96CFE09E}.Release|Any CPU.Build.0 = Release|Any CPU
		{19CF0916-949F-183D-8787-C97C35A21227}.Debug|Any CPU.ActiveCfg = Debug|Any CPU
		{19CF0916-949F-183D-8787-C97C35A21227}.Debug|Any CPU.Build.0 = Debug|Any CPU
		{19CF0916-949F-183D-8787-C97C35A21227}.Release|Any CPU.ActiveCfg = Release|Any CPU
		{19CF0916-949F-183D-8787-C97C35A21227}.Release|Any CPU.Build.0 = Release|Any CPU
		{2B22E21E-FF44-8B5F-C659-4D122A26DE30}.Debug|Any CPU.ActiveCfg = Debug|Any CPU
		{2B22E21E-FF44-8B5F-C659-4D122A26DE30}.Debug|Any CPU.Build.0 = Debug|Any CPU
		{2B22E21E-FF44-8B5F-C659-4D122A26DE30}.Release|Any CPU.ActiveCfg = Release|Any CPU
		{2B22E21E-FF44-8B5F-C659-4D122A26DE30}.Release|Any CPU.Build.0 = Release|Any CPU
		{FE033955-55D5-9230-A9AA-74F53B322E43}.Debug|Any CPU.ActiveCfg = Debug|Any CPU
		{FE033955-55D5-9230-A9AA-74F53B322E43}.Debug|Any CPU.Build.0 = Debug|Any CPU
		{FE033955-55D5-9230-A9AA-74F53B322E43}.Release|Any CPU.ActiveCfg = Release|Any CPU
		{FE033955-55D5-9230-A9AA-74F53B322E43}.Release|Any CPU.Build.0 = Release|Any CPU
		{AC3D5301-0B9A-078B-EE50-55A50D89AAA9}.Debug|Any CPU.ActiveCfg = Debug|Any CPU
		{AC3D5301-0B9A-078B-EE50-55A50D89AAA9}.Debug|Any CPU.Build.0 = Debug|Any CPU
		{AC3D5301-0B9A-078B-EE50-55A50D89AAA9}.Release|Any CPU.ActiveCfg = Release|Any CPU
		{AC3D5301-0B9A-078B-EE50-55A50D89AAA9}.Release|Any CPU.Build.0 = Release|Any CPU
		{22C88ACC-173F-4E07-E7D9-F606E8886000}.Debug|Any CPU.ActiveCfg = Debug|Any CPU
		{22C88ACC-173F-4E07-E7D9-F606E8886000}.Debug|Any CPU.Build.0 = Debug|Any CPU
		{22C88ACC-173F-4E07-E7D9-F606E8886000}.Release|Any CPU.ActiveCfg = Release|Any CPU
		{22C88ACC-173F-4E07-E7D9-F606E8886000}.Release|Any CPU.Build.0 = Release|Any CPU
		{8C4417E4-B638-C258-2F9F-2A0323E5828E}.Debug|Any CPU.ActiveCfg = Debug|Any CPU
		{8C4417E4-B638-C258-2F9F-2A0323E5828E}.Debug|Any CPU.Build.0 = Debug|Any CPU
		{8C4417E4-B638-C258-2F9F-2A0323E5828E}.Release|Any CPU.ActiveCfg = Release|Any CPU
		{8C4417E4-B638-C258-2F9F-2A0323E5828E}.Release|Any CPU.Build.0 = Release|Any CPU
		{269DAEE8-92B9-7DC2-2028-911E4155CD0C}.Debug|Any CPU.ActiveCfg = Debug|Any CPU
		{269DAEE8-92B9-7DC2-2028-911E4155CD0C}.Debug|Any CPU.Build.0 = Debug|Any CPU
		{269DAEE8-92B9-7DC2-2028-911E4155CD0C}.Release|Any CPU.ActiveCfg = Release|Any CPU
		{269DAEE8-92B9-7DC2-2028-911E4155CD0C}.Release|Any CPU.Build.0 = Release|Any CPU
		{6BF3174B-EEC3-A37E-4642-3200F735C67D}.Debug|Any CPU.ActiveCfg = Debug|Any CPU
		{6BF3174B-EEC3-A37E-4642-3200F735C67D}.Debug|Any CPU.Build.0 = Debug|Any CPU
		{6BF3174B-EEC3-A37E-4642-3200F735C67D}.Release|Any CPU.ActiveCfg = Release|Any CPU
		{6BF3174B-EEC3-A37E-4642-3200F735C67D}.Release|Any CPU.Build.0 = Release|Any CPU
		{A0011172-97DF-AB2D-5F0D-8D910BF8A6DE}.Debug|Any CPU.ActiveCfg = Debug|Any CPU
		{A0011172-97DF-AB2D-5F0D-8D910BF8A6DE}.Debug|Any CPU.Build.0 = Debug|Any CPU
		{A0011172-97DF-AB2D-5F0D-8D910BF8A6DE}.Release|Any CPU.ActiveCfg = Release|Any CPU
		{A0011172-97DF-AB2D-5F0D-8D910BF8A6DE}.Release|Any CPU.Build.0 = Release|Any CPU
		{2D50EADC-7523-20E5-6FA8-7B1F8EC5E072}.Debug|Any CPU.ActiveCfg = Debug|Any CPU
		{2D50EADC-7523-20E5-6FA8-7B1F8EC5E072}.Debug|Any CPU.Build.0 = Debug|Any CPU
		{2D50EADC-7523-20E5-6FA8-7B1F8EC5E072}.Release|Any CPU.ActiveCfg = Release|Any CPU
		{2D50EADC-7523-20E5-6FA8-7B1F8EC5E072}.Release|Any CPU.Build.0 = Release|Any CPU
		{050F9235-78FC-DFE9-FA9D-B549CFF5B7F1}.Debug|Any CPU.ActiveCfg = Debug|Any CPU
		{050F9235-78FC-DFE9-FA9D-B549CFF5B7F1}.Debug|Any CPU.Build.0 = Debug|Any CPU
		{050F9235-78FC-DFE9-FA9D-B549CFF5B7F1}.Release|Any CPU.ActiveCfg = Release|Any CPU
		{050F9235-78FC-DFE9-FA9D-B549CFF5B7F1}.Release|Any CPU.Build.0 = Release|Any CPU
		{A930BB06-4A64-801E-F4E8-1800AFDE98CB}.Debug|Any CPU.ActiveCfg = Debug|Any CPU
		{A930BB06-4A64-801E-F4E8-1800AFDE98CB}.Debug|Any CPU.Build.0 = Debug|Any CPU
		{A930BB06-4A64-801E-F4E8-1800AFDE98CB}.Release|Any CPU.ActiveCfg = Release|Any CPU
		{A930BB06-4A64-801E-F4E8-1800AFDE98CB}.Release|Any CPU.Build.0 = Release|Any CPU
		{0415A020-2BBD-33A7-96C0-FDA47FD586EC}.Debug|Any CPU.ActiveCfg = Debug|Any CPU
		{0415A020-2BBD-33A7-96C0-FDA47FD586EC}.Debug|Any CPU.Build.0 = Debug|Any CPU
		{0415A020-2BBD-33A7-96C0-FDA47FD586EC}.Release|Any CPU.ActiveCfg = Release|Any CPU
		{0415A020-2BBD-33A7-96C0-FDA47FD586EC}.Release|Any CPU.Build.0 = Release|Any CPU
		{1A8D4555-D815-264B-86A8-78FA633EB838}.Debug|Any CPU.ActiveCfg = Debug|Any CPU
		{1A8D4555-D815-264B-86A8-78FA633EB838}.Debug|Any CPU.Build.0 = Debug|Any CPU
		{1A8D4555-D815-264B-86A8-78FA633EB838}.Release|Any CPU.ActiveCfg = Release|Any CPU
		{1A8D4555-D815-264B-86A8-78FA633EB838}.Release|Any CPU.Build.0 = Release|Any CPU
		{D7CBB21F-B9D2-44FB-F54B-B0D827D73A5F}.Debug|Any CPU.ActiveCfg = Debug|Any CPU
		{D7CBB21F-B9D2-44FB-F54B-B0D827D73A5F}.Debug|Any CPU.Build.0 = Debug|Any CPU
		{D7CBB21F-B9D2-44FB-F54B-B0D827D73A5F}.Release|Any CPU.ActiveCfg = Release|Any CPU
		{D7CBB21F-B9D2-44FB-F54B-B0D827D73A5F}.Release|Any CPU.Build.0 = Release|Any CPU
		{0F347C49-C252-8930-5AEB-BEEA630E1FB4}.Debug|Any CPU.ActiveCfg = Debug|Any CPU
		{0F347C49-C252-8930-5AEB-BEEA630E1FB4}.Debug|Any CPU.Build.0 = Debug|Any CPU
		{0F347C49-C252-8930-5AEB-BEEA630E1FB4}.Release|Any CPU.ActiveCfg = Release|Any CPU
		{0F347C49-C252-8930-5AEB-BEEA630E1FB4}.Release|Any CPU.Build.0 = Release|Any CPU
		{8987BFD8-B1BA-BFAF-CF19-916163E5E751}.Debug|Any CPU.ActiveCfg = Debug|Any CPU
		{8987BFD8-B1BA-BFAF-CF19-916163E5E751}.Debug|Any CPU.Build.0 = Debug|Any CPU
		{8987BFD8-B1BA-BFAF-CF19-916163E5E751}.Release|Any CPU.ActiveCfg = Release|Any CPU
		{8987BFD8-B1BA-BFAF-CF19-916163E5E751}.Release|Any CPU.Build.0 = Release|Any CPU
		{9A6CFDB4-185E-85E1-5F6F-9288C2DB57E6}.Debug|Any CPU.ActiveCfg = Debug|Any CPU
		{9A6CFDB4-185E-85E1-5F6F-9288C2DB57E6}.Debug|Any CPU.Build.0 = Debug|Any CPU
		{9A6CFDB4-185E-85E1-5F6F-9288C2DB57E6}.Release|Any CPU.ActiveCfg = Release|Any CPU
		{9A6CFDB4-185E-85E1-5F6F-9288C2DB57E6}.Release|Any CPU.Build.0 = Release|Any CPU
		{7E3EB73E-A329-9F1A-A45B-063136724778}.Debug|Any CPU.ActiveCfg = Debug|Any CPU
		{7E3EB73E-A329-9F1A-A45B-063136724778}.Debug|Any CPU.Build.0 = Debug|Any CPU
		{7E3EB73E-A329-9F1A-A45B-063136724778}.Release|Any CPU.ActiveCfg = Release|Any CPU
		{7E3EB73E-A329-9F1A-A45B-063136724778}.Release|Any CPU.Build.0 = Release|Any CPU
		{07BB416C-8637-BDC5-52D1-725FB6A134F9}.Debug|Any CPU.ActiveCfg = Debug|Any CPU
		{07BB416C-8637-BDC5-52D1-725FB6A134F9}.Debug|Any CPU.Build.0 = Debug|Any CPU
		{07BB416C-8637-BDC5-52D1-725FB6A134F9}.Release|Any CPU.ActiveCfg = Release|Any CPU
		{07BB416C-8637-BDC5-52D1-725FB6A134F9}.Release|Any CPU.Build.0 = Release|Any CPU
		{4F80E22F-13D6-6E09-B2E8-4F83509242F1}.Debug|Any CPU.ActiveCfg = Debug|Any CPU
		{4F80E22F-13D6-6E09-B2E8-4F83509242F1}.Debug|Any CPU.Build.0 = Debug|Any CPU
		{4F80E22F-13D6-6E09-B2E8-4F83509242F1}.Release|Any CPU.ActiveCfg = Release|Any CPU
		{4F80E22F-13D6-6E09-B2E8-4F83509242F1}.Release|Any CPU.Build.0 = Release|Any CPU
		{559F6E7C-E57C-3EF6-BD81-06D8C0388D17}.Debug|Any CPU.ActiveCfg = Debug|Any CPU
		{559F6E7C-E57C-3EF6-BD81-06D8C0388D17}.Debug|Any CPU.Build.0 = Debug|Any CPU
		{559F6E7C-E57C-3EF6-BD81-06D8C0388D17}.Release|Any CPU.ActiveCfg = Release|Any CPU
		{559F6E7C-E57C-3EF6-BD81-06D8C0388D17}.Release|Any CPU.Build.0 = Release|Any CPU
		{A1BC6C7D-7778-0366-1005-7E066778E31C}.Debug|Any CPU.ActiveCfg = Debug|Any CPU
		{A1BC6C7D-7778-0366-1005-7E066778E31C}.Debug|Any CPU.Build.0 = Debug|Any CPU
		{A1BC6C7D-7778-0366-1005-7E066778E31C}.Release|Any CPU.ActiveCfg = Release|Any CPU
		{A1BC6C7D-7778-0366-1005-7E066778E31C}.Release|Any CPU.Build.0 = Release|Any CPU
		{0D2E685F-16AB-889A-A163-452D4EE3932E}.Debug|Any CPU.ActiveCfg = Debug|Any CPU
		{0D2E685F-16AB-889A-A163-452D4EE3932E}.Debug|Any CPU.Build.0 = Debug|Any CPU
		{0D2E685F-16AB-889A-A163-452D4EE3932E}.Release|Any CPU.ActiveCfg = Release|Any CPU
		{0D2E685F-16AB-889A-A163-452D4EE3932E}.Release|Any CPU.Build.0 = Release|Any CPU
		{E0D7C01D-91C8-75D1-A611-A33935270883}.Debug|Any CPU.ActiveCfg = Debug|Any CPU
		{E0D7C01D-91C8-75D1-A611-A33935270883}.Debug|Any CPU.Build.0 = Debug|Any CPU
		{E0D7C01D-91C8-75D1-A611-A33935270883}.Release|Any CPU.ActiveCfg = Release|Any CPU
		{E0D7C01D-91C8-75D1-A611-A33935270883}.Release|Any CPU.Build.0 = Release|Any CPU
		{0B85C7ED-989A-5A9E-F134-616C410C39C4}.Debug|Any CPU.ActiveCfg = Debug|Any CPU
		{0B85C7ED-989A-5A9E-F134-616C410C39C4}.Debug|Any CPU.Build.0 = Debug|Any CPU
		{0B85C7ED-989A-5A9E-F134-616C410C39C4}.Release|Any CPU.ActiveCfg = Release|Any CPU
		{0B85C7ED-989A-5A9E-F134-616C410C39C4}.Release|Any CPU.Build.0 = Release|Any CPU
		{0C535344-9C10-4D47-CC67-44E587018FDB}.Debug|Any CPU.ActiveCfg = Debug|Any CPU
		{0C535344-9C10-4D47-CC67-44E587018FDB}.Debug|Any CPU.Build.0 = Debug|Any CPU
		{0C535344-9C10-4D47-CC67-44E587018FDB}.Release|Any CPU.ActiveCfg = Release|Any CPU
		{0C535344-9C10-4D47-CC67-44E587018FDB}.Release|Any CPU.Build.0 = Release|Any CPU
		{205C872C-743D-A0F1-2F59-F5F98650AD66}.Debug|Any CPU.ActiveCfg = Debug|Any CPU
		{205C872C-743D-A0F1-2F59-F5F98650AD66}.Debug|Any CPU.Build.0 = Debug|Any CPU
		{205C872C-743D-A0F1-2F59-F5F98650AD66}.Release|Any CPU.ActiveCfg = Release|Any CPU
		{205C872C-743D-A0F1-2F59-F5F98650AD66}.Release|Any CPU.Build.0 = Release|Any CPU
		{15DECCDF-2A37-ECBC-AFAF-263DB75DD370}.Debug|Any CPU.ActiveCfg = Debug|Any CPU
		{15DECCDF-2A37-ECBC-AFAF-263DB75DD370}.Debug|Any CPU.Build.0 = Debug|Any CPU
		{15DECCDF-2A37-ECBC-AFAF-263DB75DD370}.Release|Any CPU.ActiveCfg = Release|Any CPU
		{15DECCDF-2A37-ECBC-AFAF-263DB75DD370}.Release|Any CPU.Build.0 = Release|Any CPU
		{3B16BDE7-5E75-6723-6F2C-F7A9D2CFB0EA}.Debug|Any CPU.ActiveCfg = Debug|Any CPU
		{3B16BDE7-5E75-6723-6F2C-F7A9D2CFB0EA}.Debug|Any CPU.Build.0 = Debug|Any CPU
		{3B16BDE7-5E75-6723-6F2C-F7A9D2CFB0EA}.Release|Any CPU.ActiveCfg = Release|Any CPU
		{3B16BDE7-5E75-6723-6F2C-F7A9D2CFB0EA}.Release|Any CPU.Build.0 = Release|Any CPU
		{929F93CC-1BAD-966B-216F-CB3D41C9971A}.Debug|Any CPU.ActiveCfg = Debug|Any CPU
		{929F93CC-1BAD-966B-216F-CB3D41C9971A}.Debug|Any CPU.Build.0 = Debug|Any CPU
		{929F93CC-1BAD-966B-216F-CB3D41C9971A}.Release|Any CPU.ActiveCfg = Release|Any CPU
		{929F93CC-1BAD-966B-216F-CB3D41C9971A}.Release|Any CPU.Build.0 = Release|Any CPU
	EndGlobalSection
	GlobalSection(SolutionProperties) = preSolution
		HideSolutionNode = FALSE
	EndGlobalSection
EndGlobal
